// !$*UTF8*$!
{
	archiveVersion = 1;
	classes = {
	};
	objectVersion = 56;
	objects = {

/* Begin PBXBuildFile section */
		1ADF02B82BEA074B00311F97 /* AppDelegate.swift in Sources */ = {isa = PBXBuildFile; fileRef = 1ADF02B72BEA074B00311F97 /* AppDelegate.swift */; };
		1ADF02BA2BEA074B00311F97 /* SceneDelegate.swift in Sources */ = {isa = PBXBuildFile; fileRef = 1ADF02B92BEA074B00311F97 /* SceneDelegate.swift */; };
		1ADF02C12BEA074E00311F97 /* Assets.xcassets in Resources */ = {isa = PBXBuildFile; fileRef = 1ADF02C02BEA074E00311F97 /* Assets.xcassets */; };
		1ADF02CC2BEA079900311F97 /* SearchViewController.swift in Sources */ = {isa = PBXBuildFile; fileRef = 1ADF02CB2BEA079900311F97 /* SearchViewController.swift */; };
		1ADF02CE2BEA07A400311F97 /* LikeListViewController.swift in Sources */ = {isa = PBXBuildFile; fileRef = 1ADF02CD2BEA07A400311F97 /* LikeListViewController.swift */; };
		1ADF02D02BEA07B700311F97 /* BottomTabBarController.swift in Sources */ = {isa = PBXBuildFile; fileRef = 1ADF02CF2BEA07B700311F97 /* BottomTabBarController.swift */; };
		1ADF02D22BEA3D5700311F97 /* DetailViewController.swift in Sources */ = {isa = PBXBuildFile; fileRef = 1ADF02D12BEA3D5700311F97 /* DetailViewController.swift */; };
		1ADF02D72BEA52F100311F97 /* SearchResultCollectionViewCell.swift in Sources */ = {isa = PBXBuildFile; fileRef = 1ADF02D62BEA52F100311F97 /* SearchResultCollectionViewCell.swift */; };
		1ADF02DA2BEA8F1B00311F97 /* Colors.swift in Sources */ = {isa = PBXBuildFile; fileRef = 1ADF02D92BEA8F1B00311F97 /* Colors.swift */; };
		1ADF02E02BEAA0FF00311F97 /* APIManager.swift in Sources */ = {isa = PBXBuildFile; fileRef = 1ADF02DF2BEAA0FF00311F97 /* APIManager.swift */; };
		1ADF02E22BEB205B00311F97 /* BookModel.swift in Sources */ = {isa = PBXBuildFile; fileRef = 1ADF02E12BEB205B00311F97 /* BookModel.swift */; };
		1ADF03272BED05BD00311F97 /* BookCoreDataModel.xcdatamodeld in Sources */ = {isa = PBXBuildFile; fileRef = 1ADF03252BED05BD00311F97 /* BookCoreDataModel.xcdatamodeld */; };
		1ADF032A2BED065D00311F97 /* CoreDataManager.swift in Sources */ = {isa = PBXBuildFile; fileRef = 1ADF03292BED065D00311F97 /* CoreDataManager.swift */; };
		1ADF032C2BED55DA00311F97 /* LikeListTableViewCell.swift in Sources */ = {isa = PBXBuildFile; fileRef = 1ADF032B2BED55DA00311F97 /* LikeListTableViewCell.swift */; };
		1ADF032E2BED693200311F97 /* NumberFormattingManager.swift in Sources */ = {isa = PBXBuildFile; fileRef = 1ADF032D2BED693200311F97 /* NumberFormattingManager.swift */; };
		1ADF03302BED773900311F97 /* AlertManager.swift in Sources */ = {isa = PBXBuildFile; fileRef = 1ADF032F2BED773800311F97 /* AlertManager.swift */; };
		1ADF03352BED8A5E00311F97 /* SearchResultCollectionViewHeader.swift in Sources */ = {isa = PBXBuildFile; fileRef = 1ADF03342BED8A5E00311F97 /* SearchResultCollectionViewHeader.swift */; };
		1ADF03392BEDCEB600311F97 /* TenRecentBooks.swift in Sources */ = {isa = PBXBuildFile; fileRef = 1ADF03382BEDCEB600311F97 /* TenRecentBooks.swift */; };
		1ADF033B2BEDD48F00311F97 /* RecentBooksCollectionViewCell.swift in Sources */ = {isa = PBXBuildFile; fileRef = 1ADF033A2BEDD48F00311F97 /* RecentBooksCollectionViewCell.swift */; };
		1ADF033D2BEDFD7F00311F97 /* NotificationName.swift in Sources */ = {isa = PBXBuildFile; fileRef = 1ADF033C2BEDFD7F00311F97 /* NotificationName.swift */; };
		1ADF03462BEFEC8400311F97 /* SnapKit in Frameworks */ = {isa = PBXBuildFile; productRef = 1ADF03452BEFEC8400311F97 /* SnapKit */; };
		1ADF03482BEFECEE00311F97 /* SearchResultCollectionView.swift in Sources */ = {isa = PBXBuildFile; fileRef = 1ADF03472BEFECEE00311F97 /* SearchResultCollectionView.swift */; };
		1ADF034D2BF00C1300311F97 /* RecentBooksCollectionView.swift in Sources */ = {isa = PBXBuildFile; fileRef = 1ADF034C2BF00C1300311F97 /* RecentBooksCollectionView.swift */; };
/* End PBXBuildFile section */

/* Begin PBXFileReference section */
		1ADF02B42BEA074B00311F97 /* BookSearchApp.app */ = {isa = PBXFileReference; explicitFileType = wrapper.application; includeInIndex = 0; path = BookSearchApp.app; sourceTree = BUILT_PRODUCTS_DIR; };
		1ADF02B72BEA074B00311F97 /* AppDelegate.swift */ = {isa = PBXFileReference; lastKnownFileType = sourcecode.swift; path = AppDelegate.swift; sourceTree = "<group>"; };
		1ADF02B92BEA074B00311F97 /* SceneDelegate.swift */ = {isa = PBXFileReference; lastKnownFileType = sourcecode.swift; path = SceneDelegate.swift; sourceTree = "<group>"; };
		1ADF02C02BEA074E00311F97 /* Assets.xcassets */ = {isa = PBXFileReference; lastKnownFileType = folder.assetcatalog; path = Assets.xcassets; sourceTree = "<group>"; };
		1ADF02C52BEA074E00311F97 /* Info.plist */ = {isa = PBXFileReference; lastKnownFileType = text.plist.xml; path = Info.plist; sourceTree = "<group>"; };
		1ADF02CB2BEA079900311F97 /* SearchViewController.swift */ = {isa = PBXFileReference; lastKnownFileType = sourcecode.swift; path = SearchViewController.swift; sourceTree = "<group>"; };
		1ADF02CD2BEA07A400311F97 /* LikeListViewController.swift */ = {isa = PBXFileReference; lastKnownFileType = sourcecode.swift; path = LikeListViewController.swift; sourceTree = "<group>"; };
		1ADF02CF2BEA07B700311F97 /* BottomTabBarController.swift */ = {isa = PBXFileReference; lastKnownFileType = sourcecode.swift; path = BottomTabBarController.swift; sourceTree = "<group>"; };
		1ADF02D12BEA3D5700311F97 /* DetailViewController.swift */ = {isa = PBXFileReference; lastKnownFileType = sourcecode.swift; path = DetailViewController.swift; sourceTree = "<group>"; };
		1ADF02D62BEA52F100311F97 /* SearchResultCollectionViewCell.swift */ = {isa = PBXFileReference; lastKnownFileType = sourcecode.swift; path = SearchResultCollectionViewCell.swift; sourceTree = "<group>"; };
		1ADF02D92BEA8F1B00311F97 /* Colors.swift */ = {isa = PBXFileReference; lastKnownFileType = sourcecode.swift; path = Colors.swift; sourceTree = "<group>"; };
		1ADF02DF2BEAA0FF00311F97 /* APIManager.swift */ = {isa = PBXFileReference; lastKnownFileType = sourcecode.swift; path = APIManager.swift; sourceTree = "<group>"; };
		1ADF02E12BEB205B00311F97 /* BookModel.swift */ = {isa = PBXFileReference; lastKnownFileType = sourcecode.swift; path = BookModel.swift; sourceTree = "<group>"; };
		1ADF03262BED05BD00311F97 /* BookCoreDataModel.xcdatamodel */ = {isa = PBXFileReference; lastKnownFileType = wrapper.xcdatamodel; path = BookCoreDataModel.xcdatamodel; sourceTree = "<group>"; };
		1ADF03292BED065D00311F97 /* CoreDataManager.swift */ = {isa = PBXFileReference; lastKnownFileType = sourcecode.swift; path = CoreDataManager.swift; sourceTree = "<group>"; };
		1ADF032B2BED55DA00311F97 /* LikeListTableViewCell.swift */ = {isa = PBXFileReference; lastKnownFileType = sourcecode.swift; path = LikeListTableViewCell.swift; sourceTree = "<group>"; };
		1ADF032D2BED693200311F97 /* NumberFormattingManager.swift */ = {isa = PBXFileReference; lastKnownFileType = sourcecode.swift; path = NumberFormattingManager.swift; sourceTree = "<group>"; };
		1ADF032F2BED773800311F97 /* AlertManager.swift */ = {isa = PBXFileReference; lastKnownFileType = sourcecode.swift; path = AlertManager.swift; sourceTree = "<group>"; };
		1ADF03342BED8A5E00311F97 /* SearchResultCollectionViewHeader.swift */ = {isa = PBXFileReference; lastKnownFileType = sourcecode.swift; path = SearchResultCollectionViewHeader.swift; sourceTree = "<group>"; };
		1ADF03382BEDCEB600311F97 /* TenRecentBooks.swift */ = {isa = PBXFileReference; lastKnownFileType = sourcecode.swift; path = TenRecentBooks.swift; sourceTree = "<group>"; };
		1ADF033A2BEDD48F00311F97 /* RecentBooksCollectionViewCell.swift */ = {isa = PBXFileReference; lastKnownFileType = sourcecode.swift; path = RecentBooksCollectionViewCell.swift; sourceTree = "<group>"; };
		1ADF033C2BEDFD7F00311F97 /* NotificationName.swift */ = {isa = PBXFileReference; lastKnownFileType = sourcecode.swift; path = NotificationName.swift; sourceTree = "<group>"; };
		1ADF03472BEFECEE00311F97 /* SearchResultCollectionView.swift */ = {isa = PBXFileReference; lastKnownFileType = sourcecode.swift; path = SearchResultCollectionView.swift; sourceTree = "<group>"; };
		1ADF034C2BF00C1300311F97 /* RecentBooksCollectionView.swift */ = {isa = PBXFileReference; lastKnownFileType = sourcecode.swift; path = RecentBooksCollectionView.swift; sourceTree = "<group>"; };
/* End PBXFileReference section */

/* Begin PBXFrameworksBuildPhase section */
		1ADF02B12BEA074B00311F97 /* Frameworks */ = {
			isa = PBXFrameworksBuildPhase;
			buildActionMask = 2147483647;
			files = (
				1ADF03462BEFEC8400311F97 /* SnapKit in Frameworks */,
			);
			runOnlyForDeploymentPostprocessing = 0;
		};
/* End PBXFrameworksBuildPhase section */

/* Begin PBXGroup section */
		1ADF02AB2BEA074B00311F97 = {
			isa = PBXGroup;
			children = (
				1ADF02B62BEA074B00311F97 /* BookSearchApp */,
				1ADF02B52BEA074B00311F97 /* Products */,
			);
			sourceTree = "<group>";
		};
		1ADF02B52BEA074B00311F97 /* Products */ = {
			isa = PBXGroup;
			children = (
				1ADF02B42BEA074B00311F97 /* BookSearchApp.app */,
			);
			name = Products;
			sourceTree = "<group>";
		};
		1ADF02B62BEA074B00311F97 /* BookSearchApp */ = {
			isa = PBXGroup;
			children = (
				1ADF02DC2BEAA0CF00311F97 /* Model */,
				1ADF02DD2BEAA0D800311F97 /* View */,
				1ADF02DB2BEAA0AC00311F97 /* ViewModel */,
				1ADF02B72BEA074B00311F97 /* AppDelegate.swift */,
				1ADF02B92BEA074B00311F97 /* SceneDelegate.swift */,
				1ADF02C02BEA074E00311F97 /* Assets.xcassets */,
				1ADF02C52BEA074E00311F97 /* Info.plist */,
			);
			path = BookSearchApp;
			sourceTree = "<group>";
		};
		1ADF02D82BEA52FA00311F97 /* SearchView */ = {
			isa = PBXGroup;
			children = (
				1ADF02CB2BEA079900311F97 /* SearchViewController.swift */,
				1ADF034B2BF00B4500311F97 /* SearchResultCollectionView */,
			);
			path = SearchView;
			sourceTree = "<group>";
		};
		1ADF02DB2BEAA0AC00311F97 /* ViewModel */ = {
			isa = PBXGroup;
			children = (
				1ADF03282BED065100311F97 /* Manager */,
				1ADF02D82BEA52FA00311F97 /* SearchView */,
				1ADF02E52BEC5C2B00311F97 /* DetailView */,
				1ADF02E42BEB3F6700311F97 /* LikeListView */,
				1ADF02E32BEB3F4300311F97 /* TabBar */,
			);
			path = ViewModel;
			sourceTree = "<group>";
		};
		1ADF02DC2BEAA0CF00311F97 /* Model */ = {
			isa = PBXGroup;
			children = (
				1ADF02D92BEA8F1B00311F97 /* Colors.swift */,
				1ADF02E12BEB205B00311F97 /* BookModel.swift */,
				1ADF03252BED05BD00311F97 /* BookCoreDataModel.xcdatamodeld */,
				1ADF03382BEDCEB600311F97 /* TenRecentBooks.swift */,
				1ADF033C2BEDFD7F00311F97 /* NotificationName.swift */,
			);
			path = Model;
			sourceTree = "<group>";
		};
		1ADF02DD2BEAA0D800311F97 /* View */ = {
			isa = PBXGroup;
			children = (
			);
			path = View;
			sourceTree = "<group>";
		};
		1ADF02E32BEB3F4300311F97 /* TabBar */ = {
			isa = PBXGroup;
			children = (
				1ADF02CF2BEA07B700311F97 /* BottomTabBarController.swift */,
			);
			path = TabBar;
			sourceTree = "<group>";
		};
		1ADF02E42BEB3F6700311F97 /* LikeListView */ = {
			isa = PBXGroup;
			children = (
				1ADF02CD2BEA07A400311F97 /* LikeListViewController.swift */,
				1ADF032B2BED55DA00311F97 /* LikeListTableViewCell.swift */,
			);
			path = LikeListView;
			sourceTree = "<group>";
		};
		1ADF02E52BEC5C2B00311F97 /* DetailView */ = {
			isa = PBXGroup;
			children = (
				1ADF02D12BEA3D5700311F97 /* DetailViewController.swift */,
			);
			path = DetailView;
			sourceTree = "<group>";
		};
		1ADF03282BED065100311F97 /* Manager */ = {
			isa = PBXGroup;
			children = (
				1ADF02DF2BEAA0FF00311F97 /* APIManager.swift */,
				1ADF03292BED065D00311F97 /* CoreDataManager.swift */,
				1ADF032D2BED693200311F97 /* NumberFormattingManager.swift */,
				1ADF032F2BED773800311F97 /* AlertManager.swift */,
			);
			path = Manager;
			sourceTree = "<group>";
		};
		1ADF03432BEFE64100311F97 /* HeaderView */ = {
			isa = PBXGroup;
			children = (
				1ADF03342BED8A5E00311F97 /* SearchResultCollectionViewHeader.swift */,
				1ADF034C2BF00C1300311F97 /* RecentBooksCollectionView.swift */,
				1ADF033A2BEDD48F00311F97 /* RecentBooksCollectionViewCell.swift */,
			);
			path = HeaderView;
			sourceTree = "<group>";
		};
		1ADF034B2BF00B4500311F97 /* SearchResultCollectionView */ = {
			isa = PBXGroup;
			children = (
				1ADF03472BEFECEE00311F97 /* SearchResultCollectionView.swift */,
				1ADF02D62BEA52F100311F97 /* SearchResultCollectionViewCell.swift */,
				1ADF03432BEFE64100311F97 /* HeaderView */,
			);
			path = SearchResultCollectionView;
			sourceTree = "<group>";
		};
/* End PBXGroup section */

/* Begin PBXNativeTarget section */
		1ADF02B32BEA074B00311F97 /* BookSearchApp */ = {
			isa = PBXNativeTarget;
			buildConfigurationList = 1ADF02C82BEA074E00311F97 /* Build configuration list for PBXNativeTarget "BookSearchApp" */;
			buildPhases = (
				1ADF02B02BEA074B00311F97 /* Sources */,
				1ADF02B12BEA074B00311F97 /* Frameworks */,
				1ADF02B22BEA074B00311F97 /* Resources */,
			);
			buildRules = (
			);
			dependencies = (
			);
			name = BookSearchApp;
			packageProductDependencies = (
				1ADF03452BEFEC8400311F97 /* SnapKit */,
			);
			productName = BookSearchApp;
			productReference = 1ADF02B42BEA074B00311F97 /* BookSearchApp.app */;
			productType = "com.apple.product-type.application";
		};
/* End PBXNativeTarget section */

/* Begin PBXProject section */
		1ADF02AC2BEA074B00311F97 /* Project object */ = {
			isa = PBXProject;
			attributes = {
				BuildIndependentTargetsInParallel = 1;
				LastSwiftUpdateCheck = 1530;
				LastUpgradeCheck = 1530;
				TargetAttributes = {
					1ADF02B32BEA074B00311F97 = {
						CreatedOnToolsVersion = 15.3;
					};
				};
			};
			buildConfigurationList = 1ADF02AF2BEA074B00311F97 /* Build configuration list for PBXProject "BookSearchApp" */;
			compatibilityVersion = "Xcode 14.0";
			developmentRegion = en;
			hasScannedForEncodings = 0;
			knownRegions = (
				en,
				Base,
			);
			mainGroup = 1ADF02AB2BEA074B00311F97;
			packageReferences = (
				1ADF03442BEFEC8400311F97 /* XCRemoteSwiftPackageReference "SnapKit" */,
			);
			productRefGroup = 1ADF02B52BEA074B00311F97 /* Products */;
			projectDirPath = "";
			projectRoot = "";
			targets = (
				1ADF02B32BEA074B00311F97 /* BookSearchApp */,
			);
		};
/* End PBXProject section */

/* Begin PBXResourcesBuildPhase section */
		1ADF02B22BEA074B00311F97 /* Resources */ = {
			isa = PBXResourcesBuildPhase;
			buildActionMask = 2147483647;
			files = (
				1ADF02C12BEA074E00311F97 /* Assets.xcassets in Resources */,
			);
			runOnlyForDeploymentPostprocessing = 0;
		};
/* End PBXResourcesBuildPhase section */

/* Begin PBXSourcesBuildPhase section */
		1ADF02B02BEA074B00311F97 /* Sources */ = {
			isa = PBXSourcesBuildPhase;
			buildActionMask = 2147483647;
			files = (
				1ADF033D2BEDFD7F00311F97 /* NotificationName.swift in Sources */,
				1ADF02E22BEB205B00311F97 /* BookModel.swift in Sources */,
				1ADF03352BED8A5E00311F97 /* SearchResultCollectionViewHeader.swift in Sources */,
				1ADF034D2BF00C1300311F97 /* RecentBooksCollectionView.swift in Sources */,
				1ADF033B2BEDD48F00311F97 /* RecentBooksCollectionViewCell.swift in Sources */,
				1ADF02CC2BEA079900311F97 /* SearchViewController.swift in Sources */,
				1ADF03302BED773900311F97 /* AlertManager.swift in Sources */,
				1ADF02DA2BEA8F1B00311F97 /* Colors.swift in Sources */,
				1ADF02D02BEA07B700311F97 /* BottomTabBarController.swift in Sources */,
				1ADF02E02BEAA0FF00311F97 /* APIManager.swift in Sources */,
				1ADF032E2BED693200311F97 /* NumberFormattingManager.swift in Sources */,
				1ADF03272BED05BD00311F97 /* BookCoreDataModel.xcdatamodeld in Sources */,
				1ADF032A2BED065D00311F97 /* CoreDataManager.swift in Sources */,
				1ADF03392BEDCEB600311F97 /* TenRecentBooks.swift in Sources */,
				1ADF02CE2BEA07A400311F97 /* LikeListViewController.swift in Sources */,
				1ADF03482BEFECEE00311F97 /* SearchResultCollectionView.swift in Sources */,
				1ADF032C2BED55DA00311F97 /* LikeListTableViewCell.swift in Sources */,
				1ADF02D22BEA3D5700311F97 /* DetailViewController.swift in Sources */,
				1ADF02B82BEA074B00311F97 /* AppDelegate.swift in Sources */,
				1ADF02D72BEA52F100311F97 /* SearchResultCollectionViewCell.swift in Sources */,
				1ADF02BA2BEA074B00311F97 /* SceneDelegate.swift in Sources */,
			);
			runOnlyForDeploymentPostprocessing = 0;
		};
/* End PBXSourcesBuildPhase section */

/* Begin XCBuildConfiguration section */
		1ADF02C62BEA074E00311F97 /* Debug */ = {
			isa = XCBuildConfiguration;
			buildSettings = {
				ALWAYS_SEARCH_USER_PATHS = NO;
				ASSETCATALOG_COMPILER_GENERATE_SWIFT_ASSET_SYMBOL_EXTENSIONS = YES;
				CLANG_ANALYZER_NONNULL = YES;
				CLANG_ANALYZER_NUMBER_OBJECT_CONVERSION = YES_AGGRESSIVE;
				CLANG_CXX_LANGUAGE_STANDARD = "gnu++20";
				CLANG_ENABLE_MODULES = YES;
				CLANG_ENABLE_OBJC_ARC = YES;
				CLANG_ENABLE_OBJC_WEAK = YES;
				CLANG_WARN_BLOCK_CAPTURE_AUTORELEASING = YES;
				CLANG_WARN_BOOL_CONVERSION = YES;
				CLANG_WARN_COMMA = YES;
				CLANG_WARN_CONSTANT_CONVERSION = YES;
				CLANG_WARN_DEPRECATED_OBJC_IMPLEMENTATIONS = YES;
				CLANG_WARN_DIRECT_OBJC_ISA_USAGE = YES_ERROR;
				CLANG_WARN_DOCUMENTATION_COMMENTS = YES;
				CLANG_WARN_EMPTY_BODY = YES;
				CLANG_WARN_ENUM_CONVERSION = YES;
				CLANG_WARN_INFINITE_RECURSION = YES;
				CLANG_WARN_INT_CONVERSION = YES;
				CLANG_WARN_NON_LITERAL_NULL_CONVERSION = YES;
				CLANG_WARN_OBJC_IMPLICIT_RETAIN_SELF = YES;
				CLANG_WARN_OBJC_LITERAL_CONVERSION = YES;
				CLANG_WARN_OBJC_ROOT_CLASS = YES_ERROR;
				CLANG_WARN_QUOTED_INCLUDE_IN_FRAMEWORK_HEADER = YES;
				CLANG_WARN_RANGE_LOOP_ANALYSIS = YES;
				CLANG_WARN_STRICT_PROTOTYPES = YES;
				CLANG_WARN_SUSPICIOUS_MOVE = YES;
				CLANG_WARN_UNGUARDED_AVAILABILITY = YES_AGGRESSIVE;
				CLANG_WARN_UNREACHABLE_CODE = YES;
				CLANG_WARN__DUPLICATE_METHOD_MATCH = YES;
				COPY_PHASE_STRIP = NO;
				DEBUG_INFORMATION_FORMAT = dwarf;
				ENABLE_STRICT_OBJC_MSGSEND = YES;
				ENABLE_TESTABILITY = YES;
				ENABLE_USER_SCRIPT_SANDBOXING = YES;
				GCC_C_LANGUAGE_STANDARD = gnu17;
				GCC_DYNAMIC_NO_PIC = NO;
				GCC_NO_COMMON_BLOCKS = YES;
				GCC_OPTIMIZATION_LEVEL = 0;
				GCC_PREPROCESSOR_DEFINITIONS = (
					"DEBUG=1",
					"$(inherited)",
				);
				GCC_WARN_64_TO_32_BIT_CONVERSION = YES;
				GCC_WARN_ABOUT_RETURN_TYPE = YES_ERROR;
				GCC_WARN_UNDECLARED_SELECTOR = YES;
				GCC_WARN_UNINITIALIZED_AUTOS = YES_AGGRESSIVE;
				GCC_WARN_UNUSED_FUNCTION = YES;
				GCC_WARN_UNUSED_VARIABLE = YES;
				IPHONEOS_DEPLOYMENT_TARGET = 17.4;
				LOCALIZATION_PREFERS_STRING_CATALOGS = YES;
				MTL_ENABLE_DEBUG_INFO = INCLUDE_SOURCE;
				MTL_FAST_MATH = YES;
				ONLY_ACTIVE_ARCH = YES;
				SDKROOT = iphoneos;
				SWIFT_ACTIVE_COMPILATION_CONDITIONS = "DEBUG $(inherited)";
				SWIFT_OPTIMIZATION_LEVEL = "-Onone";
			};
			name = Debug;
		};
		1ADF02C72BEA074E00311F97 /* Release */ = {
			isa = XCBuildConfiguration;
			buildSettings = {
				ALWAYS_SEARCH_USER_PATHS = NO;
				ASSETCATALOG_COMPILER_GENERATE_SWIFT_ASSET_SYMBOL_EXTENSIONS = YES;
				CLANG_ANALYZER_NONNULL = YES;
				CLANG_ANALYZER_NUMBER_OBJECT_CONVERSION = YES_AGGRESSIVE;
				CLANG_CXX_LANGUAGE_STANDARD = "gnu++20";
				CLANG_ENABLE_MODULES = YES;
				CLANG_ENABLE_OBJC_ARC = YES;
				CLANG_ENABLE_OBJC_WEAK = YES;
				CLANG_WARN_BLOCK_CAPTURE_AUTORELEASING = YES;
				CLANG_WARN_BOOL_CONVERSION = YES;
				CLANG_WARN_COMMA = YES;
				CLANG_WARN_CONSTANT_CONVERSION = YES;
				CLANG_WARN_DEPRECATED_OBJC_IMPLEMENTATIONS = YES;
				CLANG_WARN_DIRECT_OBJC_ISA_USAGE = YES_ERROR;
				CLANG_WARN_DOCUMENTATION_COMMENTS = YES;
				CLANG_WARN_EMPTY_BODY = YES;
				CLANG_WARN_ENUM_CONVERSION = YES;
				CLANG_WARN_INFINITE_RECURSION = YES;
				CLANG_WARN_INT_CONVERSION = YES;
				CLANG_WARN_NON_LITERAL_NULL_CONVERSION = YES;
				CLANG_WARN_OBJC_IMPLICIT_RETAIN_SELF = YES;
				CLANG_WARN_OBJC_LITERAL_CONVERSION = YES;
				CLANG_WARN_OBJC_ROOT_CLASS = YES_ERROR;
				CLANG_WARN_QUOTED_INCLUDE_IN_FRAMEWORK_HEADER = YES;
				CLANG_WARN_RANGE_LOOP_ANALYSIS = YES;
				CLANG_WARN_STRICT_PROTOTYPES = YES;
				CLANG_WARN_SUSPICIOUS_MOVE = YES;
				CLANG_WARN_UNGUARDED_AVAILABILITY = YES_AGGRESSIVE;
				CLANG_WARN_UNREACHABLE_CODE = YES;
				CLANG_WARN__DUPLICATE_METHOD_MATCH = YES;
				COPY_PHASE_STRIP = NO;
				DEBUG_INFORMATION_FORMAT = "dwarf-with-dsym";
				ENABLE_NS_ASSERTIONS = NO;
				ENABLE_STRICT_OBJC_MSGSEND = YES;
				ENABLE_USER_SCRIPT_SANDBOXING = YES;
				GCC_C_LANGUAGE_STANDARD = gnu17;
				GCC_NO_COMMON_BLOCKS = YES;
				GCC_WARN_64_TO_32_BIT_CONVERSION = YES;
				GCC_WARN_ABOUT_RETURN_TYPE = YES_ERROR;
				GCC_WARN_UNDECLARED_SELECTOR = YES;
				GCC_WARN_UNINITIALIZED_AUTOS = YES_AGGRESSIVE;
				GCC_WARN_UNUSED_FUNCTION = YES;
				GCC_WARN_UNUSED_VARIABLE = YES;
				IPHONEOS_DEPLOYMENT_TARGET = 17.4;
				LOCALIZATION_PREFERS_STRING_CATALOGS = YES;
				MTL_ENABLE_DEBUG_INFO = NO;
				MTL_FAST_MATH = YES;
				SDKROOT = iphoneos;
				SWIFT_COMPILATION_MODE = wholemodule;
				VALIDATE_PRODUCT = YES;
			};
			name = Release;
		};
		1ADF02C92BEA074E00311F97 /* Debug */ = {
			isa = XCBuildConfiguration;
			buildSettings = {
				ASSETCATALOG_COMPILER_APPICON_NAME = AppIcon;
				ASSETCATALOG_COMPILER_GLOBAL_ACCENT_COLOR_NAME = AccentColor;
				CODE_SIGN_STYLE = Automatic;
				CURRENT_PROJECT_VERSION = 1;
				GENERATE_INFOPLIST_FILE = YES;
				INFOPLIST_FILE = BookSearchApp/Info.plist;
				INFOPLIST_KEY_UIApplicationSupportsIndirectInputEvents = YES;
				INFOPLIST_KEY_UILaunchStoryboardName = LaunchScreen;
				INFOPLIST_KEY_UISupportedInterfaceOrientations_iPad = "UIInterfaceOrientationPortrait UIInterfaceOrientationPortraitUpsideDown UIInterfaceOrientationLandscapeLeft UIInterfaceOrientationLandscapeRight";
				INFOPLIST_KEY_UISupportedInterfaceOrientations_iPhone = "UIInterfaceOrientationPortrait UIInterfaceOrientationLandscapeLeft UIInterfaceOrientationLandscapeRight";
				LD_RUNPATH_SEARCH_PATHS = (
					"$(inherited)",
					"@executable_path/Frameworks",
				);
				MARKETING_VERSION = 1.0;
				PRODUCT_BUNDLE_IDENTIFIER = com.test.BookSearchApp;
				PRODUCT_NAME = "$(TARGET_NAME)";
				SWIFT_EMIT_LOC_STRINGS = YES;
				SWIFT_VERSION = 5.0;
				TARGETED_DEVICE_FAMILY = "1,2";
			};
			name = Debug;
		};
		1ADF02CA2BEA074E00311F97 /* Release */ = {
			isa = XCBuildConfiguration;
			buildSettings = {
				ASSETCATALOG_COMPILER_APPICON_NAME = AppIcon;
				ASSETCATALOG_COMPILER_GLOBAL_ACCENT_COLOR_NAME = AccentColor;
				CODE_SIGN_STYLE = Automatic;
				CURRENT_PROJECT_VERSION = 1;
				GENERATE_INFOPLIST_FILE = YES;
				INFOPLIST_FILE = BookSearchApp/Info.plist;
				INFOPLIST_KEY_UIApplicationSupportsIndirectInputEvents = YES;
				INFOPLIST_KEY_UILaunchStoryboardName = LaunchScreen;
				INFOPLIST_KEY_UISupportedInterfaceOrientations_iPad = "UIInterfaceOrientationPortrait UIInterfaceOrientationPortraitUpsideDown UIInterfaceOrientationLandscapeLeft UIInterfaceOrientationLandscapeRight";
				INFOPLIST_KEY_UISupportedInterfaceOrientations_iPhone = "UIInterfaceOrientationPortrait UIInterfaceOrientationLandscapeLeft UIInterfaceOrientationLandscapeRight";
				LD_RUNPATH_SEARCH_PATHS = (
					"$(inherited)",
					"@executable_path/Frameworks",
				);
				MARKETING_VERSION = 1.0;
				PRODUCT_BUNDLE_IDENTIFIER = com.test.BookSearchApp;
				PRODUCT_NAME = "$(TARGET_NAME)";
				SWIFT_EMIT_LOC_STRINGS = YES;
				SWIFT_VERSION = 5.0;
				TARGETED_DEVICE_FAMILY = "1,2";
			};
			name = Release;
		};
/* End XCBuildConfiguration section */

/* Begin XCConfigurationList section */
		1ADF02AF2BEA074B00311F97 /* Build configuration list for PBXProject "BookSearchApp" */ = {
			isa = XCConfigurationList;
			buildConfigurations = (
				1ADF02C62BEA074E00311F97 /* Debug */,
				1ADF02C72BEA074E00311F97 /* Release */,
			);
			defaultConfigurationIsVisible = 0;
			defaultConfigurationName = Release;
		};
		1ADF02C82BEA074E00311F97 /* Build configuration list for PBXNativeTarget "BookSearchApp" */ = {
			isa = XCConfigurationList;
			buildConfigurations = (
				1ADF02C92BEA074E00311F97 /* Debug */,
				1ADF02CA2BEA074E00311F97 /* Release */,
			);
			defaultConfigurationIsVisible = 0;
			defaultConfigurationName = Release;
		};
/* End XCConfigurationList section */

/* Begin XCRemoteSwiftPackageReference section */
		1ADF03442BEFEC8400311F97 /* XCRemoteSwiftPackageReference "SnapKit" */ = {
			isa = XCRemoteSwiftPackageReference;
			repositoryURL = "https://github.com/SnapKit/SnapKit.git";
			requirement = {
				kind = upToNextMajorVersion;
				minimumVersion = 5.7.1;
			};
		};
/* End XCRemoteSwiftPackageReference section */

/* Begin XCSwiftPackageProductDependency section */
		1ADF03452BEFEC8400311F97 /* SnapKit */ = {
			isa = XCSwiftPackageProductDependency;
			package = 1ADF03442BEFEC8400311F97 /* XCRemoteSwiftPackageReference "SnapKit" */;
			productName = SnapKit;
		};
/* End XCSwiftPackageProductDependency section */

/* Begin XCVersionGroup section */
		1ADF03252BED05BD00311F97 /* BookCoreDataModel.xcdatamodeld */ = {
			isa = XCVersionGroup;
			children = (
				1ADF03262BED05BD00311F97 /* BookCoreDataModel.xcdatamodel */,
			);
			currentVersion = 1ADF03262BED05BD00311F97 /* BookCoreDataModel.xcdatamodel */;
			name = BookCoreDataModel.xcdatamodeld;
			path = "/Users/yurim/Desktop/과제/[240507] 개인과제(5) 책 검색 앱/miniProj_5_BookSearchApp/BookSearchApp/BookSearchApp/Model/BookCoreDataModel.xcdatamodeld";
			sourceTree = "<group>";
			versionGroupType = wrapper.xcdatamodel;
		};
/* End XCVersionGroup section */
	};
	rootObject = 1ADF02AC2BEA074B00311F97 /* Project object */;
}
